// !$*UTF8*$!
{
	archiveVersion = 1;
	classes = {
	};
	objectVersion = 46;
	objects = {

/* Begin PBXBuildFile section */
		7833887E1AE9E49F0096720D /* AppDelegate.swift in Sources */ = {isa = PBXBuildFile; fileRef = 7833887D1AE9E49F0096720D /* AppDelegate.swift */; };
		783388801AE9E49F0096720D /* ViewController.swift in Sources */ = {isa = PBXBuildFile; fileRef = 7833887F1AE9E49F0096720D /* ViewController.swift */; };
		783388831AE9E49F0096720D /* Main.storyboard in Resources */ = {isa = PBXBuildFile; fileRef = 783388811AE9E49F0096720D /* Main.storyboard */; };
		783388851AE9E49F0096720D /* Images.xcassets in Resources */ = {isa = PBXBuildFile; fileRef = 783388841AE9E49F0096720D /* Images.xcassets */; };
		783388881AE9E49F0096720D /* LaunchScreen.xib in Resources */ = {isa = PBXBuildFile; fileRef = 783388861AE9E49F0096720D /* LaunchScreen.xib */; };
		783388941AE9E49F0096720D /* AleemDhanjiTests.swift in Sources */ = {isa = PBXBuildFile; fileRef = 783388931AE9E49F0096720D /* AleemDhanjiTests.swift */; };
		78BFC45D1AEC2E2000ADEFF5 /* Chapter3ViewController.swift in Sources */ = {isa = PBXBuildFile; fileRef = 78BFC45C1AEC2E2000ADEFF5 /* Chapter3ViewController.swift */; };
		78BFC45F1AEC313F00ADEFF5 /* CrystalBall.swift in Sources */ = {isa = PBXBuildFile; fileRef = 78BFC45E1AEC313F00ADEFF5 /* CrystalBall.swift */; };
		78BFC4621AEC337E00ADEFF5 /* crystal_ball.mp3 in Resources */ = {isa = PBXBuildFile; fileRef = 78BFC4611AEC337E00ADEFF5 /* crystal_ball.mp3 */; };
		78BFC4681AEC62C000ADEFF5 /* Chapter4ViewController.swift in Sources */ = {isa = PBXBuildFile; fileRef = 78BFC4671AEC62C000ADEFF5 /* Chapter4ViewController.swift */; };
		78BFC46A1AEC81AD00ADEFF5 /* Chapter5ViewController.swift in Sources */ = {isa = PBXBuildFile; fileRef = 78BFC4691AEC81AD00ADEFF5 /* Chapter5ViewController.swift */; };
		78BFC46F1AED818300ADEFF5 /* MainTitleViewController.swift in Sources */ = {isa = PBXBuildFile; fileRef = 78BFC46E1AED818300ADEFF5 /* MainTitleViewController.swift */; };
		78CFAC431AEBF87B000CDDAD /* Chapter1ViewController.swift in Sources */ = {isa = PBXBuildFile; fileRef = 78CFAC421AEBF87B000CDDAD /* Chapter1ViewController.swift */; };
		78CFAC451AEC25E6000CDDAD /* Chapter2ViewController.swift in Sources */ = {isa = PBXBuildFile; fileRef = 78CFAC441AEC25E6000CDDAD /* Chapter2ViewController.swift */; };
		78D68F961AE9F26300F5CDDB /* ChapterTitleViewController.swift in Sources */ = {isa = PBXBuildFile; fileRef = 78D68F951AE9F26300F5CDDB /* ChapterTitleViewController.swift */; };
		B4596A4DEC4FE5FA74775236 /* libPods.a in Frameworks */ = {isa = PBXBuildFile; fileRef = 121560E7589ED379412015E7 /* libPods.a */; };
/* End PBXBuildFile section */

/* Begin PBXContainerItemProxy section */
		7833888E1AE9E49F0096720D /* PBXContainerItemProxy */ = {
			isa = PBXContainerItemProxy;
			containerPortal = 783388701AE9E49F0096720D /* Project object */;
			proxyType = 1;
			remoteGlobalIDString = 783388771AE9E49F0096720D;
			remoteInfo = AleemDhanji;
		};
/* End PBXContainerItemProxy section */

/* Begin PBXFileReference section */
		121560E7589ED379412015E7 /* libPods.a */ = {isa = PBXFileReference; explicitFileType = archive.ar; includeInIndex = 0; path = libPods.a; sourceTree = BUILT_PRODUCTS_DIR; };
		783388781AE9E49F0096720D /* AleemDhanji.app */ = {isa = PBXFileReference; explicitFileType = wrapper.application; includeInIndex = 0; path = AleemDhanji.app; sourceTree = BUILT_PRODUCTS_DIR; };
		7833887C1AE9E49F0096720D /* Info.plist */ = {isa = PBXFileReference; lastKnownFileType = text.plist.xml; path = Info.plist; sourceTree = "<group>"; };
		7833887D1AE9E49F0096720D /* AppDelegate.swift */ = {isa = PBXFileReference; lastKnownFileType = sourcecode.swift; path = AppDelegate.swift; sourceTree = "<group>"; };
		7833887F1AE9E49F0096720D /* ViewController.swift */ = {isa = PBXFileReference; lastKnownFileType = sourcecode.swift; path = ViewController.swift; sourceTree = "<group>"; };
		783388821AE9E49F0096720D /* Base */ = {isa = PBXFileReference; lastKnownFileType = file.storyboard; name = Base; path = Base.lproj/Main.storyboard; sourceTree = "<group>"; };
		783388841AE9E49F0096720D /* Images.xcassets */ = {isa = PBXFileReference; lastKnownFileType = folder.assetcatalog; path = Images.xcassets; sourceTree = "<group>"; };
		783388871AE9E49F0096720D /* Base */ = {isa = PBXFileReference; lastKnownFileType = file.xib; name = Base; path = Base.lproj/LaunchScreen.xib; sourceTree = "<group>"; };
		7833888D1AE9E49F0096720D /* AleemDhanjiTests.xctest */ = {isa = PBXFileReference; explicitFileType = wrapper.cfbundle; includeInIndex = 0; path = AleemDhanjiTests.xctest; sourceTree = BUILT_PRODUCTS_DIR; };
		783388921AE9E49F0096720D /* Info.plist */ = {isa = PBXFileReference; lastKnownFileType = text.plist.xml; path = Info.plist; sourceTree = "<group>"; };
		783388931AE9E49F0096720D /* AleemDhanjiTests.swift */ = {isa = PBXFileReference; lastKnownFileType = sourcecode.swift; path = AleemDhanjiTests.swift; sourceTree = "<group>"; };
		78BFC45C1AEC2E2000ADEFF5 /* Chapter3ViewController.swift */ = {isa = PBXFileReference; fileEncoding = 4; lastKnownFileType = sourcecode.swift; path = Chapter3ViewController.swift; sourceTree = "<group>"; };
		78BFC45E1AEC313F00ADEFF5 /* CrystalBall.swift */ = {isa = PBXFileReference; fileEncoding = 4; lastKnownFileType = sourcecode.swift; path = CrystalBall.swift; sourceTree = "<group>"; };
		78BFC4611AEC337E00ADEFF5 /* crystal_ball.mp3 */ = {isa = PBXFileReference; lastKnownFileType = audio.mp3; path = crystal_ball.mp3; sourceTree = "<group>"; };
		78BFC4671AEC62C000ADEFF5 /* Chapter4ViewController.swift */ = {isa = PBXFileReference; fileEncoding = 4; lastKnownFileType = sourcecode.swift; path = Chapter4ViewController.swift; sourceTree = "<group>"; };
		78BFC4691AEC81AD00ADEFF5 /* Chapter5ViewController.swift */ = {isa = PBXFileReference; fileEncoding = 4; lastKnownFileType = sourcecode.swift; path = Chapter5ViewController.swift; sourceTree = "<group>"; };
		78BFC46B1AED7D6500ADEFF5 /* AleemDhanji-Bridging-Header.h */ = {isa = PBXFileReference; lastKnownFileType = sourcecode.c.h; path = "AleemDhanji-Bridging-Header.h"; sourceTree = "<group>"; };
		78BFC46E1AED818300ADEFF5 /* MainTitleViewController.swift */ = {isa = PBXFileReference; fileEncoding = 4; lastKnownFileType = sourcecode.swift; path = MainTitleViewController.swift; sourceTree = "<group>"; };
		78CFAC421AEBF87B000CDDAD /* Chapter1ViewController.swift */ = {isa = PBXFileReference; fileEncoding = 4; lastKnownFileType = sourcecode.swift; path = Chapter1ViewController.swift; sourceTree = "<group>"; };
		78CFAC441AEC25E6000CDDAD /* Chapter2ViewController.swift */ = {isa = PBXFileReference; fileEncoding = 4; lastKnownFileType = sourcecode.swift; path = Chapter2ViewController.swift; sourceTree = "<group>"; };
		78D68F951AE9F26300F5CDDB /* ChapterTitleViewController.swift */ = {isa = PBXFileReference; fileEncoding = 4; lastKnownFileType = sourcecode.swift; path = ChapterTitleViewController.swift; sourceTree = "<group>"; };
		AA9146586DC674716BCC0E5F /* Pods.release.xcconfig */ = {isa = PBXFileReference; includeInIndex = 1; lastKnownFileType = text.xcconfig; name = Pods.release.xcconfig; path = "Pods/Target Support Files/Pods/Pods.release.xcconfig"; sourceTree = "<group>"; };
		CD3D0DC606F758A79FECE0B0 /* Pods.debug.xcconfig */ = {isa = PBXFileReference; includeInIndex = 1; lastKnownFileType = text.xcconfig; name = Pods.debug.xcconfig; path = "Pods/Target Support Files/Pods/Pods.debug.xcconfig"; sourceTree = "<group>"; };
/* End PBXFileReference section */

/* Begin PBXFrameworksBuildPhase section */
		783388751AE9E49F0096720D /* Frameworks */ = {
			isa = PBXFrameworksBuildPhase;
			buildActionMask = 2147483647;
			files = (
				B4596A4DEC4FE5FA74775236 /* libPods.a in Frameworks */,
			);
			runOnlyForDeploymentPostprocessing = 0;
		};
		7833888A1AE9E49F0096720D /* Frameworks */ = {
			isa = PBXFrameworksBuildPhase;
			buildActionMask = 2147483647;
			files = (
			);
			runOnlyForDeploymentPostprocessing = 0;
		};
/* End PBXFrameworksBuildPhase section */

/* Begin PBXGroup section */
		197205F024393C77E7E829D5 /* Pods */ = {
			isa = PBXGroup;
			children = (
				CD3D0DC606F758A79FECE0B0 /* Pods.debug.xcconfig */,
				AA9146586DC674716BCC0E5F /* Pods.release.xcconfig */,
			);
			name = Pods;
			sourceTree = "<group>";
		};
		5AA0206EEA8D8FBEE373F136 /* Frameworks */ = {
			isa = PBXGroup;
			children = (
				121560E7589ED379412015E7 /* libPods.a */,
			);
			name = Frameworks;
			sourceTree = "<group>";
		};
		7833886F1AE9E49F0096720D = {
			isa = PBXGroup;
			children = (
				7833887A1AE9E49F0096720D /* AleemDhanji */,
				783388901AE9E49F0096720D /* AleemDhanjiTests */,
				783388791AE9E49F0096720D /* Products */,
				197205F024393C77E7E829D5 /* Pods */,
				5AA0206EEA8D8FBEE373F136 /* Frameworks */,
			);
			sourceTree = "<group>";
		};
		783388791AE9E49F0096720D /* Products */ = {
			isa = PBXGroup;
			children = (
				783388781AE9E49F0096720D /* AleemDhanji.app */,
				7833888D1AE9E49F0096720D /* AleemDhanjiTests.xctest */,
			);
			name = Products;
			sourceTree = "<group>";
		};
		7833887A1AE9E49F0096720D /* AleemDhanji */ = {
			isa = PBXGroup;
			children = (
				7833887D1AE9E49F0096720D /* AppDelegate.swift */,
				7833887F1AE9E49F0096720D /* ViewController.swift */,
				78BFC45B1AEC260A00ADEFF5 /* Chapters */,
				78D68F951AE9F26300F5CDDB /* ChapterTitleViewController.swift */,
				783388811AE9E49F0096720D /* Main.storyboard */,
				783388841AE9E49F0096720D /* Images.xcassets */,
				783388861AE9E49F0096720D /* LaunchScreen.xib */,
				78BFC4601AEC314300ADEFF5 /* Crystal Ball App */,
				7833887B1AE9E49F0096720D /* Supporting Files */,
				78BFC46B1AED7D6500ADEFF5 /* AleemDhanji-Bridging-Header.h */,
			);
			path = AleemDhanji;
			sourceTree = "<group>";
		};
		7833887B1AE9E49F0096720D /* Supporting Files */ = {
			isa = PBXGroup;
			children = (
				7833887C1AE9E49F0096720D /* Info.plist */,
			);
			name = "Supporting Files";
			sourceTree = "<group>";
		};
		783388901AE9E49F0096720D /* AleemDhanjiTests */ = {
			isa = PBXGroup;
			children = (
				783388931AE9E49F0096720D /* AleemDhanjiTests.swift */,
				783388911AE9E49F0096720D /* Supporting Files */,
			);
			path = AleemDhanjiTests;
			sourceTree = "<group>";
		};
		783388911AE9E49F0096720D /* Supporting Files */ = {
			isa = PBXGroup;
			children = (
				783388921AE9E49F0096720D /* Info.plist */,
			);
			name = "Supporting Files";
			sourceTree = "<group>";
		};
		78BFC45B1AEC260A00ADEFF5 /* Chapters */ = {
			isa = PBXGroup;
			children = (
				78BFC46E1AED818300ADEFF5 /* MainTitleViewController.swift */,
				78CFAC421AEBF87B000CDDAD /* Chapter1ViewController.swift */,
				78CFAC441AEC25E6000CDDAD /* Chapter2ViewController.swift */,
				78BFC45C1AEC2E2000ADEFF5 /* Chapter3ViewController.swift */,
				78BFC4671AEC62C000ADEFF5 /* Chapter4ViewController.swift */,
				78BFC4691AEC81AD00ADEFF5 /* Chapter5ViewController.swift */,
			);
			name = Chapters;
			sourceTree = "<group>";
		};
		78BFC4601AEC314300ADEFF5 /* Crystal Ball App */ = {
			isa = PBXGroup;
			children = (
				78BFC45E1AEC313F00ADEFF5 /* CrystalBall.swift */,
				78BFC4611AEC337E00ADEFF5 /* crystal_ball.mp3 */,
			);
			name = "Crystal Ball App";
			sourceTree = "<group>";
		};
/* End PBXGroup section */

/* Begin PBXNativeTarget section */
		783388771AE9E49F0096720D /* AleemDhanji */ = {
			isa = PBXNativeTarget;
			buildConfigurationList = 783388971AE9E49F0096720D /* Build configuration list for PBXNativeTarget "AleemDhanji" */;
			buildPhases = (
				9A184B60F9058BBAC4600EFD /* Check Pods Manifest.lock */,
				783388741AE9E49F0096720D /* Sources */,
				783388751AE9E49F0096720D /* Frameworks */,
				783388761AE9E49F0096720D /* Resources */,
				707094315B4E1F7CDC5CD1EF /* Copy Pods Resources */,
			);
			buildRules = (
			);
			dependencies = (
			);
			name = AleemDhanji;
			productName = AleemDhanji;
			productReference = 783388781AE9E49F0096720D /* AleemDhanji.app */;
			productType = "com.apple.product-type.application";
		};
		7833888C1AE9E49F0096720D /* AleemDhanjiTests */ = {
			isa = PBXNativeTarget;
			buildConfigurationList = 7833889A1AE9E49F0096720D /* Build configuration list for PBXNativeTarget "AleemDhanjiTests" */;
			buildPhases = (
				783388891AE9E49F0096720D /* Sources */,
				7833888A1AE9E49F0096720D /* Frameworks */,
				7833888B1AE9E49F0096720D /* Resources */,
			);
			buildRules = (
			);
			dependencies = (
				7833888F1AE9E49F0096720D /* PBXTargetDependency */,
			);
			name = AleemDhanjiTests;
			productName = AleemDhanjiTests;
			productReference = 7833888D1AE9E49F0096720D /* AleemDhanjiTests.xctest */;
			productType = "com.apple.product-type.bundle.unit-test";
		};
/* End PBXNativeTarget section */

/* Begin PBXProject section */
		783388701AE9E49F0096720D /* Project object */ = {
			isa = PBXProject;
			attributes = {
				LastUpgradeCheck = 0630;
				ORGANIZATIONNAME = "Aleem Dhanji";
				TargetAttributes = {
					783388771AE9E49F0096720D = {
						CreatedOnToolsVersion = 6.3.1;
						DevelopmentTeam = 9S5V9KU7RS;
					};
					7833888C1AE9E49F0096720D = {
						CreatedOnToolsVersion = 6.3.1;
						TestTargetID = 783388771AE9E49F0096720D;
					};
				};
			};
			buildConfigurationList = 783388731AE9E49F0096720D /* Build configuration list for PBXProject "AleemDhanji" */;
			compatibilityVersion = "Xcode 3.2";
			developmentRegion = English;
			hasScannedForEncodings = 0;
			knownRegions = (
				en,
				Base,
			);
			mainGroup = 7833886F1AE9E49F0096720D;
			productRefGroup = 783388791AE9E49F0096720D /* Products */;
			projectDirPath = "";
			projectRoot = "";
			targets = (
				783388771AE9E49F0096720D /* AleemDhanji */,
				7833888C1AE9E49F0096720D /* AleemDhanjiTests */,
			);
		};
/* End PBXProject section */

/* Begin PBXResourcesBuildPhase section */
		783388761AE9E49F0096720D /* Resources */ = {
			isa = PBXResourcesBuildPhase;
			buildActionMask = 2147483647;
			files = (
				783388831AE9E49F0096720D /* Main.storyboard in Resources */,
				783388881AE9E49F0096720D /* LaunchScreen.xib in Resources */,
				78BFC4621AEC337E00ADEFF5 /* crystal_ball.mp3 in Resources */,
				783388851AE9E49F0096720D /* Images.xcassets in Resources */,
			);
			runOnlyForDeploymentPostprocessing = 0;
		};
		7833888B1AE9E49F0096720D /* Resources */ = {
			isa = PBXResourcesBuildPhase;
			buildActionMask = 2147483647;
			files = (
			);
			runOnlyForDeploymentPostprocessing = 0;
		};
/* End PBXResourcesBuildPhase section */

/* Begin PBXShellScriptBuildPhase section */
		707094315B4E1F7CDC5CD1EF /* Copy Pods Resources */ = {
			isa = PBXShellScriptBuildPhase;
			buildActionMask = 2147483647;
			files = (
			);
			inputPaths = (
			);
			name = "Copy Pods Resources";
			outputPaths = (
			);
			runOnlyForDeploymentPostprocessing = 0;
			shellPath = /bin/sh;
			shellScript = "\"${SRCROOT}/Pods/Target Support Files/Pods/Pods-resources.sh\"\n";
			showEnvVarsInLog = 0;
		};
		9A184B60F9058BBAC4600EFD /* Check Pods Manifest.lock */ = {
			isa = PBXShellScriptBuildPhase;
			buildActionMask = 2147483647;
			files = (
			);
			inputPaths = (
			);
			name = "Check Pods Manifest.lock";
			outputPaths = (
			);
			runOnlyForDeploymentPostprocessing = 0;
			shellPath = /bin/sh;
			shellScript = "diff \"${PODS_ROOT}/../Podfile.lock\" \"${PODS_ROOT}/Manifest.lock\" > /dev/null\nif [[ $? != 0 ]] ; then\n    cat << EOM\nerror: The sandbox is not in sync with the Podfile.lock. Run 'pod install' or update your CocoaPods installation.\nEOM\n    exit 1\nfi\n";
			showEnvVarsInLog = 0;
		};
/* End PBXShellScriptBuildPhase section */

/* Begin PBXSourcesBuildPhase section */
		783388741AE9E49F0096720D /* Sources */ = {
			isa = PBXSourcesBuildPhase;
			buildActionMask = 2147483647;
			files = (
				78BFC45D1AEC2E2000ADEFF5 /* Chapter3ViewController.swift in Sources */,
				78BFC4681AEC62C000ADEFF5 /* Chapter4ViewController.swift in Sources */,
				78CFAC431AEBF87B000CDDAD /* Chapter1ViewController.swift in Sources */,
				78CFAC451AEC25E6000CDDAD /* Chapter2ViewController.swift in Sources */,
				78BFC46F1AED818300ADEFF5 /* MainTitleViewController.swift in Sources */,
				783388801AE9E49F0096720D /* ViewController.swift in Sources */,
				78BFC46A1AEC81AD00ADEFF5 /* Chapter5ViewController.swift in Sources */,
				78BFC45F1AEC313F00ADEFF5 /* CrystalBall.swift in Sources */,
				78D68F961AE9F26300F5CDDB /* ChapterTitleViewController.swift in Sources */,
				7833887E1AE9E49F0096720D /* AppDelegate.swift in Sources */,
			);
			runOnlyForDeploymentPostprocessing = 0;
		};
		783388891AE9E49F0096720D /* Sources */ = {
			isa = PBXSourcesBuildPhase;
			buildActionMask = 2147483647;
			files = (
				783388941AE9E49F0096720D /* AleemDhanjiTests.swift in Sources */,
			);
			runOnlyForDeploymentPostprocessing = 0;
		};
/* End PBXSourcesBuildPhase section */

/* Begin PBXTargetDependency section */
		7833888F1AE9E49F0096720D /* PBXTargetDependency */ = {
			isa = PBXTargetDependency;
			target = 783388771AE9E49F0096720D /* AleemDhanji */;
			targetProxy = 7833888E1AE9E49F0096720D /* PBXContainerItemProxy */;
		};
/* End PBXTargetDependency section */

/* Begin PBXVariantGroup section */
		783388811AE9E49F0096720D /* Main.storyboard */ = {
			isa = PBXVariantGroup;
			children = (
				783388821AE9E49F0096720D /* Base */,
			);
			name = Main.storyboard;
			sourceTree = "<group>";
		};
		783388861AE9E49F0096720D /* LaunchScreen.xib */ = {
			isa = PBXVariantGroup;
			children = (
				783388871AE9E49F0096720D /* Base */,
			);
			name = LaunchScreen.xib;
			sourceTree = "<group>";
		};
/* End PBXVariantGroup section */

/* Begin XCBuildConfiguration section */
		783388951AE9E49F0096720D /* Debug */ = {
			isa = XCBuildConfiguration;
			buildSettings = {
				ALWAYS_SEARCH_USER_PATHS = NO;
				CLANG_CXX_LANGUAGE_STANDARD = "gnu++0x";
				CLANG_CXX_LIBRARY = "libc++";
				CLANG_ENABLE_MODULES = YES;
				CLANG_ENABLE_OBJC_ARC = YES;
				CLANG_WARN_BOOL_CONVERSION = YES;
				CLANG_WARN_CONSTANT_CONVERSION = YES;
				CLANG_WARN_DIRECT_OBJC_ISA_USAGE = YES_ERROR;
				CLANG_WARN_EMPTY_BODY = YES;
				CLANG_WARN_ENUM_CONVERSION = YES;
				CLANG_WARN_INT_CONVERSION = YES;
				CLANG_WARN_OBJC_ROOT_CLASS = YES_ERROR;
				CLANG_WARN_UNREACHABLE_CODE = YES;
				CLANG_WARN__DUPLICATE_METHOD_MATCH = YES;
				"CODE_SIGN_IDENTITY[sdk=iphoneos*]" = "iPhone Developer";
				COPY_PHASE_STRIP = NO;
				DEBUG_INFORMATION_FORMAT = "dwarf-with-dsym";
				ENABLE_STRICT_OBJC_MSGSEND = YES;
				GCC_C_LANGUAGE_STANDARD = gnu99;
				GCC_DYNAMIC_NO_PIC = NO;
				GCC_NO_COMMON_BLOCKS = YES;
				GCC_OPTIMIZATION_LEVEL = 0;
				GCC_PREPROCESSOR_DEFINITIONS = (
					"DEBUG=1",
					"$(inherited)",
				);
				GCC_SYMBOLS_PRIVATE_EXTERN = NO;
				GCC_WARN_64_TO_32_BIT_CONVERSION = YES;
				GCC_WARN_ABOUT_RETURN_TYPE = YES_ERROR;
				GCC_WARN_UNDECLARED_SELECTOR = YES;
				GCC_WARN_UNINITIALIZED_AUTOS = YES_AGGRESSIVE;
				GCC_WARN_UNUSED_FUNCTION = YES;
				GCC_WARN_UNUSED_VARIABLE = YES;
				IPHONEOS_DEPLOYMENT_TARGET = 8.3;
				MTL_ENABLE_DEBUG_INFO = YES;
				ONLY_ACTIVE_ARCH = YES;
				SDKROOT = iphoneos;
				SWIFT_OPTIMIZATION_LEVEL = "-Onone";
				TARGETED_DEVICE_FAMILY = 2;
			};
			name = Debug;
		};
		783388961AE9E49F0096720D /* Release */ = {
			isa = XCBuildConfiguration;
			buildSettings = {
				ALWAYS_SEARCH_USER_PATHS = NO;
				CLANG_CXX_LANGUAGE_STANDARD = "gnu++0x";
				CLANG_CXX_LIBRARY = "libc++";
				CLANG_ENABLE_MODULES = YES;
				CLANG_ENABLE_OBJC_ARC = YES;
				CLANG_WARN_BOOL_CONVERSION = YES;
				CLANG_WARN_CONSTANT_CONVERSION = YES;
				CLANG_WARN_DIRECT_OBJC_ISA_USAGE = YES_ERROR;
				CLANG_WARN_EMPTY_BODY = YES;
				CLANG_WARN_ENUM_CONVERSION = YES;
				CLANG_WARN_INT_CONVERSION = YES;
				CLANG_WARN_OBJC_ROOT_CLASS = YES_ERROR;
				CLANG_WARN_UNREACHABLE_CODE = YES;
				CLANG_WARN__DUPLICATE_METHOD_MATCH = YES;
				"CODE_SIGN_IDENTITY[sdk=iphoneos*]" = "iPhone Developer";
				COPY_PHASE_STRIP = NO;
				DEBUG_INFORMATION_FORMAT = "dwarf-with-dsym";
				ENABLE_NS_ASSERTIONS = NO;
				ENABLE_STRICT_OBJC_MSGSEND = YES;
				GCC_C_LANGUAGE_STANDARD = gnu99;
				GCC_NO_COMMON_BLOCKS = YES;
				GCC_WARN_64_TO_32_BIT_CONVERSION = YES;
				GCC_WARN_ABOUT_RETURN_TYPE = YES_ERROR;
				GCC_WARN_UNDECLARED_SELECTOR = YES;
				GCC_WARN_UNINITIALIZED_AUTOS = YES_AGGRESSIVE;
				GCC_WARN_UNUSED_FUNCTION = YES;
				GCC_WARN_UNUSED_VARIABLE = YES;
				IPHONEOS_DEPLOYMENT_TARGET = 8.3;
				MTL_ENABLE_DEBUG_INFO = NO;
				SDKROOT = iphoneos;
				TARGETED_DEVICE_FAMILY = 2;
				VALIDATE_PRODUCT = YES;
			};
			name = Release;
		};
		783388981AE9E49F0096720D /* Debug */ = {
			isa = XCBuildConfiguration;
			baseConfigurationReference = CD3D0DC606F758A79FECE0B0 /* Pods.debug.xcconfig */;
			buildSettings = {
				ASSETCATALOG_COMPILER_APPICON_NAME = AppIcon;
				CODE_SIGN_IDENTITY = "iPhone Developer";
				INFOPLIST_FILE = AleemDhanji/Info.plist;
				LD_RUNPATH_SEARCH_PATHS = "$(inherited) @executable_path/Frameworks";
				PRODUCT_NAME = "$(TARGET_NAME)";
				SWIFT_OBJC_BRIDGING_HEADER = "AleemDhanji/AleemDhanji-Bridging-Header.h";
			};
			name = Debug;
		};
		783388991AE9E49F0096720D /* Release */ = {
			isa = XCBuildConfiguration;
			baseConfigurationReference = AA9146586DC674716BCC0E5F /* Pods.release.xcconfig */;
			buildSettings = {
				ASSETCATALOG_COMPILER_APPICON_NAME = AppIcon;
				CODE_SIGN_IDENTITY = "iPhone Developer";
				INFOPLIST_FILE = AleemDhanji/Info.plist;
				LD_RUNPATH_SEARCH_PATHS = "$(inherited) @executable_path/Frameworks";
				PRODUCT_NAME = "$(TARGET_NAME)";
				SWIFT_OBJC_BRIDGING_HEADER = "AleemDhanji/AleemDhanji-Bridging-Header.h";
			};
			name = Release;
		};
		7833889B1AE9E49F0096720D /* Debug */ = {
			isa = XCBuildConfiguration;
			buildSettings = {
				BUNDLE_LOADER = "$(TEST_HOST)";
				FRAMEWORK_SEARCH_PATHS = (
					"$(SDKROOT)/Developer/Library/Frameworks",
					"$(inherited)",
				);
				GCC_PREPROCESSOR_DEFINITIONS = (
					"DEBUG=1",
					"$(inherited)",
				);
				INFOPLIST_FILE = AleemDhanjiTests/Info.plist;
				LD_RUNPATH_SEARCH_PATHS = "$(inherited) @executable_path/Frameworks @loader_path/Frameworks";
				PRODUCT_NAME = "$(TARGET_NAME)";
				TEST_HOST = "$(BUILT_PRODUCTS_DIR)/AleemDhanji.app/AleemDhanji";
			};
			name = Debug;
		};
		7833889C1AE9E49F0096720D /* Release */ = {
			isa = XCBuildConfiguration;
			buildSettings = {
				BUNDLE_LOADER = "$(TEST_HOST)";
				FRAMEWORK_SEARCH_PATHS = (
					"$(SDKROOT)/Developer/Library/Frameworks",
					"$(inherited)",
				);
				INFOPLIST_FILE = AleemDhanjiTests/Info.plist;
				LD_RUNPATH_SEARCH_PATHS = "$(inherited) @executable_path/Frameworks @loader_path/Frameworks";
				PRODUCT_NAME = "$(TARGET_NAME)";
				TEST_HOST = "$(BUILT_PRODUCTS_DIR)/AleemDhanji.app/AleemDhanji";
			};
			name = Release;
		};
/* End XCBuildConfiguration section */

/* Begin XCConfigurationList section */
		783388731AE9E49F0096720D /* Build configuration list for PBXProject "AleemDhanji" */ = {
			isa = XCConfigurationList;
			buildConfigurations = (
				783388951AE9E49F0096720D /* Debug */,
				783388961AE9E49F0096720D /* Release */,
			);
			defaultConfigurationIsVisible = 0;
			defaultConfigurationName = Release;
		};
		783388971AE9E49F0096720D /* Build configuration list for PBXNativeTarget "AleemDhanji" */ = {
			isa = XCConfigurationList;
			buildConfigurations = (
				783388981AE9E49F0096720D /* Debug */,
				783388991AE9E49F0096720D /* Release */,
			);
			defaultConfigurationIsVisible = 0;
			defaultConfigurationName = Release;
		};
		7833889A1AE9E49F0096720D /* Build configuration list for PBXNativeTarget "AleemDhanjiTests" */ = {
			isa = XCConfigurationList;
			buildConfigurations = (
				7833889B1AE9E49F0096720D /* Debug */,
				7833889C1AE9E49F0096720D /* Release */,
			);
			defaultConfigurationIsVisible = 0;
			defaultConfigurationName = Release;
		};
/* End XCConfigurationList section */
	};
	rootObject = 783388701AE9E49F0096720D /* Project object */;
}
